PODS:
  - Alamofire (5.4.1)
  - CocoaLumberjack/Core (3.7.0)
  - CocoaLumberjack/Swift (3.7.0):
    - CocoaLumberjack/Core
  - HandyJSON (5.0.3-beta)
  - HQJNetwork (1.0.0):
    - Alamofire
    - CocoaLumberjack/Swift
    - HandyJSON

DEPENDENCIES:
  - Alamofire (from `https://gitee.com/tripartite/Alamofire.git`, tag `5.4.1`)
  - CocoaLumberjack/Swift (from `https://gitee.com/tripartite/CocoaLumberjack.git`, tag `3.7.0`)
  - HandyJSON (from `https://gitee.com/tripartite/HandyJSON.git`, tag `5.0.3-beta`)
  - HQJNetwork (from `../`)

EXTERNAL SOURCES:
  Alamofire:
    :git: https://gitee.com/tripartite/Alamofire.git
    :tag: 5.4.1
  CocoaLumberjack:
    :git: https://gitee.com/tripartite/CocoaLumberjack.git
    :tag: 3.7.0
  HandyJSON:
    :git: https://gitee.com/tripartite/HandyJSON.git
    :tag: 5.0.3-beta
  HQJNetwork:
    :path: "../"

CHECKOUT OPTIONS:
  Alamofire:
    :git: https://gitee.com/tripartite/Alamofire.git
    :tag: 5.4.1
  CocoaLumberjack:
    :git: https://gitee.com/tripartite/CocoaLumberjack.git
    :tag: 3.7.0
  HandyJSON:
    :git: https://gitee.com/tripartite/HandyJSON.git
    :tag: 5.0.3-beta

SPEC CHECKSUMS:
  Alamofire: 2291f7d21ca607c491dd17642e5d40fdcda0e65c
  CocoaLumberjack: e8955b9d337ac307103b0a34fd141c32f27e53c5
  HandyJSON: 88e8ea5f66ab65c3b8768499a1935d0509c460d4
  HQJNetwork: b1662239ba15058720da7932ca21407d163595f7

PODFILE CHECKSUM: 625fc662024277fb3a434cb678cccb319ad433c0

COCOAPODS: 1.10.1
